schema: '2.0'
stages:
  build_manifest@en:
    cmd: python src/build_manifest.py --lang en
    deps:
    - path: data/raw/en/transcripts.tsv
      hash: md5
      md5: f70cf4d3743976d06707e276cfad3a21
      size: 9724
    - path: data/raw/en/wav
      hash: md5
      md5: 2f474a5067f12bffb9d40dca5ce629e3.dir
      size: 16589814
      nfiles: 103
    - path: src/build_manifest.py
      hash: md5
      md5: 52f4e15757635d1a2141f86b36c2b3a4
      size: 2012
    params:
      params.yaml:
        data.en:
          raw_dir: data/raw/en/wav
          transcript_file: data/raw/en/transcripts.tsv
          manifest_dir: data/manifests/en
          noisy_dir: data/noisy/en
          espeak_lang: en-us
    outs:
    - path: data/manifests/en/clean.jsonl
      hash: md5
      md5: 3043b6c1523493603e01522e3f908bd6
      size: 30362
  phonemize@en:
    cmd: python src/phonemize.py --lang en --manifest 
      data/manifests/en/clean.jsonl --output data/manifests/en/clean_phon.jsonl
    deps:
    - path: data/manifests/en/clean.jsonl
      hash: md5
      md5: 3043b6c1523493603e01522e3f908bd6
      size: 30362
    - path: src/phonemize.py
      hash: md5
      md5: 2b738d08093ebd4075739d6db049ab6f
      size: 1617
    params:
      params.yaml:
        data.en.espeak_lang: en-us
    outs:
    - path: data/manifests/en/clean_phon.jsonl
      hash: md5
      md5: a7a8dba87cb74a0693f8643196ef8bd6
      size: 41690
  add_noise@en:
    cmd: python src/add_noise.py --lang en --manifest 
      data/manifests/en/clean_phon.jsonl --output_dir data/manifests/en/
    deps:
    - path: data/manifests/en/clean_phon.jsonl
      hash: md5
      md5: a7a8dba87cb74a0693f8643196ef8bd6
      size: 41690
    - path: src/add_noise.py
      hash: md5
      md5: 815f3b0187613cb7c0301b3d6e213fd3
      size: 2502
    - path: src/noise_utils.py
      hash: md5
      md5: b54edf58b54cef0275e2cc7e698f0f06
      size: 881
    params:
      params.yaml:
        data.en.noisy_dir: data/noisy/en
        seed: 42
        snr_levels:
        - -5
        - 0
        - 5
        - 10
        - 20
        - 30
        - 40
    outs:
    - path: data/noisy/en/
      hash: md5
      md5: d539a707ce8e15e7bd0b7c54c15a2036.dir
      size: 114783774
      nfiles: 700
  infer@en:
    cmd: python src/infer.py --manifest_dir data/manifests/en/ --output_dir 
      data/manifests/en/preds/
    deps:
    - path: data/manifests/en/clean_phon.jsonl
      hash: md5
      md5: a7a8dba87cb74a0693f8643196ef8bd6
      size: 41690
    - path: data/manifests/en/noisy_snr+0.jsonl
      hash: md5
      md5: fbb26bfae8908c533e1db9fd2f23c5b9
      size: 47290
    - path: data/manifests/en/noisy_snr+10.jsonl
      hash: md5
      md5: 8f70c10c103f03b51d7b64680cfb8186
      size: 47490
    - path: data/manifests/en/noisy_snr+20.jsonl
      hash: md5
      md5: c5be0f5d9c33da15edf88d9d198e835a
      size: 47490
    - path: data/manifests/en/noisy_snr+30.jsonl
      hash: md5
      md5: 95143a0c479ecaae43b41f958eecafba
      size: 47490
    - path: data/manifests/en/noisy_snr+40.jsonl
      hash: md5
      md5: a5e9d493d36c8dae49e54cfa47d93bd1
      size: 47490
    - path: data/manifests/en/noisy_snr+5.jsonl
      hash: md5
      md5: 57669ee4582366c80fafbb0b1965c0c2
      size: 47290
    - path: data/manifests/en/noisy_snr-5.jsonl
      hash: md5
      md5: 7df8c90f9c42f5ee75c44424bdd4fa71
      size: 47390
    - path: src/infer.py
      hash: md5
      md5: 5c92f8946843f79199f35e51e35dd965
      size: 2930
    params:
      params.yaml:
        model:
          name: facebook/wav2vec2-lv-60-espeak-cv-ft
          sample_rate: 16000
    outs:
    - path: data/manifests/en/preds/
      hash: md5
      md5: 885206afbed2d412283086dfa02227b2.dir
      size: 490827
      nfiles: 8
  evaluate@en:
    cmd: python src/evaluate.py --manifest_dir data/manifests/en/preds/ --lang 
      en --metrics      metrics/en.json --figure       figures/per_vs_snr_en.png
    deps:
    - path: data/manifests/en/preds/
      hash: md5
      md5: 885206afbed2d412283086dfa02227b2.dir
      size: 490827
      nfiles: 8
    - path: src/evaluate.py
      hash: md5
      md5: 952b9d6f3a5228153915231bcfa8a504
      size: 2892
    outs:
    - path: figures/per_vs_snr_en.png
      hash: md5
      md5: 367224323c7a29ef2bcf7969158b8856
      size: 26326
    - path: metrics/en.json
      hash: md5
      md5: cff1019fa382419e4bcb339dd8ec89b5
      size: 208
  build_manifest@fr:
    cmd: python src/build_manifest.py --lang fr
    deps:
    - path: data/raw/fr/transcripts.tsv
      hash: md5
      md5: 2798937cfcfcabc00cc859aff5b0a25a
      size: 15379
    - path: data/raw/fr/wav
      hash: md5
      md5: d4d416778c2963d9149c958708ce1002.dir
      size: 30987440
      nfiles: 100
    - path: src/build_manifest.py
      hash: md5
      md5: 52f4e15757635d1a2141f86b36c2b3a4
      size: 2012
    params:
      params.yaml:
        data.fr:
          raw_dir: data/raw/fr/wav
          transcript_file: data/raw/fr/transcripts.tsv
          manifest_dir: data/manifests/fr
          noisy_dir: data/noisy/fr
          espeak_lang: fr-fr
    outs:
    - path: data/manifests/fr/clean.jsonl
      hash: md5
      md5: e6cd6f81ab4650adc81b1a10caaa4f06
      size: 35990
  phonemize@fr:
    cmd: python src/phonemize.py --lang fr --manifest 
      data/manifests/fr/clean.jsonl --output data/manifests/fr/clean_phon.jsonl
    deps:
    - path: data/manifests/fr/clean.jsonl
      hash: md5
      md5: e6cd6f81ab4650adc81b1a10caaa4f06
      size: 35990
    - path: src/phonemize.py
      hash: md5
      md5: 2b738d08093ebd4075739d6db049ab6f
      size: 1617
    params:
      params.yaml:
        data.fr.espeak_lang: fr-fr
    outs:
    - path: data/manifests/fr/clean_phon.jsonl
      hash: md5
      md5: 9008f7ffe56e5f559cd862ab117a2136
      size: 50509
  add_noise@fr:
    cmd: python src/add_noise.py --lang fr --manifest 
      data/manifests/fr/clean_phon.jsonl --output_dir data/manifests/fr/
    deps:
    - path: data/manifests/fr/clean_phon.jsonl
      hash: md5
      md5: 9008f7ffe56e5f559cd862ab117a2136
      size: 50509
    - path: src/add_noise.py
      hash: md5
      md5: 815f3b0187613cb7c0301b3d6e213fd3
      size: 2502
    - path: src/noise_utils.py
      hash: md5
      md5: b54edf58b54cef0275e2cc7e698f0f06
      size: 881
    params:
      params.yaml:
        data.fr.noisy_dir: data/noisy/fr
        seed: 42
        snr_levels:
        - -5
        - 0
        - 5
        - 10
        - 20
        - 30
        - 40
    outs:
    - path: data/noisy/fr/
      hash: md5
      md5: d19aad5df784d21ecacc571e13290b16.dir
      size: 216912080
      nfiles: 700
  infer@fr:
    cmd: python src/infer.py --manifest_dir data/manifests/fr/ --output_dir 
      data/manifests/fr/preds/
    deps:
    - path: data/manifests/fr/clean_phon.jsonl
      hash: md5
      md5: 9008f7ffe56e5f559cd862ab117a2136
      size: 50509
    - path: data/manifests/fr/noisy_snr+0.jsonl
      hash: md5
      md5: 77f3b6f7fc062db8219f76af7dc696da
      size: 56109
    - path: data/manifests/fr/noisy_snr+10.jsonl
      hash: md5
      md5: df42c7422400e9fe652e58dba3d3688f
      size: 56309
    - path: data/manifests/fr/noisy_snr+20.jsonl
      hash: md5
      md5: b860a7c9b2d722e12c722bfb186209fe
      size: 56309
    - path: data/manifests/fr/noisy_snr+30.jsonl
      hash: md5
      md5: 9164ab3e2622143e2511fd8cab4fc7d2
      size: 56309
    - path: data/manifests/fr/noisy_snr+40.jsonl
      hash: md5
      md5: ab2157e13e6bcf9b831ce63f571d0402
      size: 56309
    - path: data/manifests/fr/noisy_snr+5.jsonl
      hash: md5
      md5: 2b9e12838e71d5695f5968e6e646cf10
      size: 56109
    - path: data/manifests/fr/noisy_snr-5.jsonl
      hash: md5
      md5: 1ef102dfda811ff42b575d7d67304a9c
      size: 56209
    - path: src/infer.py
      hash: md5
      md5: 5c92f8946843f79199f35e51e35dd965
      size: 2930
    params:
      params.yaml:
        model:
          name: facebook/wav2vec2-lv-60-espeak-cv-ft
          sample_rate: 16000
    outs:
    - path: data/manifests/fr/preds/
      hash: md5
      md5: a8acf16510c3e6b6a63e282092ca4fd8.dir
      size: 587990
      nfiles: 8
  evaluate@fr:
    cmd: python src/evaluate.py --manifest_dir data/manifests/fr/preds/ --lang 
      fr --metrics      metrics/fr.json --figure       figures/per_vs_snr_fr.png
    deps:
    - path: data/manifests/fr/preds/
      hash: md5
      md5: a8acf16510c3e6b6a63e282092ca4fd8.dir
      size: 587990
      nfiles: 8
    - path: src/evaluate.py
      hash: md5
      md5: 952b9d6f3a5228153915231bcfa8a504
      size: 2892
    outs:
    - path: figures/per_vs_snr_fr.png
      hash: md5
      md5: ff50cb53f10712d6088e13121c85d7ea
      size: 25933
    - path: metrics/fr.json
      hash: md5
      md5: c7ef59bf9504612b1f17a99d0b788b8d
      size: 210
  plot_summary:
    cmd: python src/plot_summary.py --metrics_dir metrics/ --figure      
      figures/per_vs_snr_summary.png
    deps:
    - path: metrics/
      hash: md5
      md5: bf7f3721767b48a2782030a41099bdd6.dir
      size: 418
      nfiles: 2
    - path: src/plot_summary.py
      hash: md5
      md5: 1fc01f1ef2205bedfb6698e5587a7633
      size: 2254
    outs:
    - path: figures/per_vs_snr_summary.png
      hash: md5
      md5: 33612fcd00d27446dfb0e6067736d6ff
      size: 55104
